Microsoft Visual Studio Solution File, Format Version 12.00
# Visual Studio Version 17
VisualStudioVersion = 17.0.31903.59
MinimumVisualStudioVersion = 10.0.40219.1
Project("{FAE04EC0-301F-11D3-BF4B-00C04F79EFBC}") = "Rex.Client", "src/Client/Rex.Client/Rex.Client.csproj", "{4A3E93B4-8F64-4D9B-BE43-590E8B6C3B01}"
EndProject
Project("{FAE04EC0-301F-11D3-BF4B-00C04F79EFBC}") = "Rex.Server", "src/Server/Rex.Server/Rex.Server.csproj", "{0A9D38B2-6F80-4E98-9F0F-5B5A4C2A5302}"
EndProject
Project("{FAE04EC0-301F-11D3-BF4B-00C04F79EFBC}") = "Rex.Common", "src/Shared/Rex.Common/Rex.Common.csproj", "{A6274290-1CA3-4098-B4E2-3F4FD2AFB603}"
EndProject
Project("{FAE04EC0-301F-11D3-BF4B-00C04F79EFBC}") = "Rex.Native", "src/Shared/Rex.Native/Rex.Native.csproj", "{B98D6DB7-8A93-4A44-8A1F-649A946A5704}"
EndProject
Project("{FAE04EC0-301F-11D3-BF4B-00C04F79EFBC}") = "Rex.Native.Code", "src/Native/Rex.Native.Code/Rex.Native.Code.csproj", "{C1F1E648-5C7F-4D39-B8A3-0C6B4F1F29D1}"
EndProject
Project("{FAE04EC0-301F-11D3-BF4B-00C04F79EFBC}") = "Rex.Tools", "src/Tools/Rex.Tools/Rex.Tools.csproj", "{F0D9D0ED-5662-4608-B2F5-D91B520AD105}"
EndProject
Project("{FAE04EC0-301F-11D3-BF4B-00C04F79EFBC}") = "Rex.Native.Build", "build/Rex.Native.Build/Rex.Native.Build.csproj", "{14C44BB3-7B10-4F04-97D3-24D4A3019A06}"
EndProject
Global
	GlobalSection(SolutionConfigurationPlatforms) = preSolution
		Debug|Any CPU = Debug|Any CPU
		Release|Any CPU = Release|Any CPU
	EndGlobalSection
	GlobalSection(ProjectConfigurationPlatforms) = postSolution
		{4A3E93B4-8F64-4D9B-BE43-590E8B6C3B01}.Debug|Any CPU.ActiveCfg = Debug|Any CPU
		{4A3E93B4-8F64-4D9B-BE43-590E8B6C3B01}.Debug|Any CPU.Build.0 = Debug|Any CPU
		{4A3E93B4-8F64-4D9B-BE43-590E8B6C3B01}.Release|Any CPU.ActiveCfg = Release|Any CPU
		{4A3E93B4-8F64-4D9B-BE43-590E8B6C3B01}.Release|Any CPU.Build.0 = Release|Any CPU
		{0A9D38B2-6F80-4E98-9F0F-5B5A4C2A5302}.Debug|Any CPU.ActiveCfg = Debug|Any CPU
		{0A9D38B2-6F80-4E98-9F0F-5B5A4C2A5302}.Debug|Any CPU.Build.0 = Debug|Any CPU
		{0A9D38B2-6F80-4E98-9F0F-5B5A4C2A5302}.Release|Any CPU.ActiveCfg = Release|Any CPU
		{0A9D38B2-6F80-4E98-9F0F-5B5A4C2A5302}.Release|Any CPU.Build.0 = Release|Any CPU
		{A6274290-1CA3-4098-B4E2-3F4FD2AFB603}.Debug|Any CPU.ActiveCfg = Debug|Any CPU
		{A6274290-1CA3-4098-B4E2-3F4FD2AFB603}.Debug|Any CPU.Build.0 = Debug|Any CPU
		{A6274290-1CA3-4098-B4E2-3F4FD2AFB603}.Release|Any CPU.ActiveCfg = Release|Any CPU
		{A6274290-1CA3-4098-B4E2-3F4FD2AFB603}.Release|Any CPU.Build.0 = Release|Any CPU
		{B98D6DB7-8A93-4A44-8A1F-649A946A5704}.Debug|Any CPU.ActiveCfg = Debug|Any CPU
		{B98D6DB7-8A93-4A44-8A1F-649A946A5704}.Debug|Any CPU.Build.0 = Debug|Any CPU
		{B98D6DB7-8A93-4A44-8A1F-649A946A5704}.Release|Any CPU.ActiveCfg = Release|Any CPU
		{B98D6DB7-8A93-4A44-8A1F-649A946A5704}.Release|Any CPU.Build.0 = Release|Any CPU
		{C1F1E648-5C7F-4D39-B8A3-0C6B4F1F29D1}.Debug|Any CPU.ActiveCfg = Debug|Any CPU
		{C1F1E648-5C7F-4D39-B8A3-0C6B4F1F29D1}.Debug|Any CPU.Build.0 = Debug|Any CPU
		{C1F1E648-5C7F-4D39-B8A3-0C6B4F1F29D1}.Release|Any CPU.ActiveCfg = Release|Any CPU
		{C1F1E648-5C7F-4D39-B8A3-0C6B4F1F29D1}.Release|Any CPU.Build.0 = Release|Any CPU
		{F0D9D0ED-5662-4608-B2F5-D91B520AD105}.Debug|Any CPU.ActiveCfg = Debug|Any CPU
		{F0D9D0ED-5662-4608-B2F5-D91B520AD105}.Debug|Any CPU.Build.0 = Debug|Any CPU
		{F0D9D0ED-5662-4608-B2F5-D91B520AD105}.Release|Any CPU.ActiveCfg = Release|Any CPU
		{F0D9D0ED-5662-4608-B2F5-D91B520AD105}.Release|Any CPU.Build.0 = Release|Any CPU
		{14C44BB3-7B10-4F04-97D3-24D4A3019A06}.Debug|Any CPU.ActiveCfg = Debug|Any CPU
		{14C44BB3-7B10-4F04-97D3-24D4A3019A06}.Debug|Any CPU.Build.0 = Debug|Any CPU
		{14C44BB3-7B10-4F04-97D3-24D4A3019A06}.Release|Any CPU.ActiveCfg = Release|Any CPU
		{14C44BB3-7B10-4F04-97D3-24D4A3019A06}.Release|Any CPU.Build.0 = Release|Any CPU
	EndGlobalSection
	GlobalSection(SolutionProperties) = preSolution
		HideSolutionNode = FALSE
	EndGlobalSection
	GlobalSection(ExtensibilityGlobals) = postSolution
		SolutionGuid = {DA1557ED-9960-4F8F-84B7-38C89B020314}
	EndGlobalSection
EndGlobal
