
Microsoft Visual Studio Solution File, Format Version 12.00
Project("{FAE04EC0-301F-11D3-BF4B-00C04F79EFBC}") = "Rex.Client", "Rex.Client\Rex.Client.csproj", "{C7BBC8E4-8779-4560-8460-79FA9433A604}"
EndProject
Project("{FAE04EC0-301F-11D3-BF4B-00C04F79EFBC}") = "Rex.Server", "Rex.Server\Rex.Server.csproj", "{E959D0E9-4657-4890-BDA9-F62A88656795}"
EndProject
Project("{FAE04EC0-301F-11D3-BF4B-00C04F79EFBC}") = "Rex.Shared", "Rex.Shared\Rex.Shared.csproj", "{D99CE9D4-28DB-4E76-AAA5-E1DC01444722}"
EndProject
Project("{FAE04EC0-301F-11D3-BF4B-00C04F79EFBC}") = "Rex.Generators", "Rex.Generators\Rex.Generators.csproj", "{D2F20706-68F8-4C43-9558-50C11DEF7D88}"
EndProject
Project("{FAE04EC0-301F-11D3-BF4B-00C04F79EFBC}") = "Rex.Sandbox.Shared", "Rex.Sandbox.Shared\Rex.Sandbox.Shared.csproj", "{3A55A58E-0701-41E6-994F-EC6D89091E40}"
EndProject
Project("{FAE04EC0-301F-11D3-BF4B-00C04F79EFBC}") = "Rex.Sandbox.Client", "Rex.Sandbox.Client\Rex.Sandbox.Client.csproj", "{FB308DAC-D429-4B91-9C09-F11C0BEC38EF}"
EndProject
Project("{FAE04EC0-301F-11D3-BF4B-00C04F79EFBC}") = "Rex.Sandbox.Server", "Rex.Sandbox.Server\Rex.Sandbox.Server.csproj", "{0C179BDF-FC90-4285-822E-303B574D5EE8}"
EndProject
Project("{2150E333-8FDC-42A3-9474-1A3956D46DE8}") = ".run", ".run", "{F8A29059-96A6-43E1-B605-83B218ACD285}"
	ProjectSection(SolutionItems) = preProject
		.run\Rex Client.run.xml = .run\Rex Client.run.xml
		.run\Rex Listen Server.run.xml = .run\Rex Listen Server.run.xml
		.run\Rex Server + Client.run.xml = .run\Rex Server + Client.run.xml
		.run\Rex Server.run.xml = .run\Rex Server.run.xml
		.run\Rex Standalone.run.xml = .run\Rex Standalone.run.xml
	EndProjectSection
EndProject
Project("{FAE04EC0-301F-11D3-BF4B-00C04F79EFBC}") = "Rex.Analyzers", "Rex.Analyzers\Rex.Analyzers.csproj", "{103ACDE9-720F-407A-B9B3-80849773739F}"
EndProject
Project("{FAE04EC0-301F-11D3-BF4B-00C04F79EFBC}") = "Rex.Roslyn.Shared", "Rex.Roslyn.Shared\Rex.Roslyn.Shared.csproj", "{F57B4233-CA36-4A18-A8FC-32611A959FED}"
EndProject
Project("{FAE04EC0-301F-11D3-BF4B-00C04F79EFBC}") = "Docs", "Docs.csproj", "{E9EA2E4E-ED94-4B75-A730-39BF51C22190}"
EndProject
Project("{2150E333-8FDC-42A3-9474-1A3956D46DE8}") = "Tests", "Tests", "{E4B8F2A1-9C3D-4E7B-8F1A-2D6C9E0B5A4F}"
EndProject
Project("{FAE04EC0-301F-11D3-BF4B-00C04F79EFBC}") = "Rex.Shared.Tests", "tests\Rex.Shared.Tests\Rex.Shared.Tests.csproj", "{8A4F2E19-3C7B-4D5E-AF01-926B8C4E3D20}"
EndProject
Project("{FAE04EC0-301F-11D3-BF4B-00C04F79EFBC}") = "Rex.Client.Tests", "tests\Rex.Client.Tests\Rex.Client.Tests.csproj", "{C3D4E5F6-A7B8-4901-8234-56789ABCDEF0}"
EndProject
Project("{FAE04EC0-301F-11D3-BF4B-00C04F79EFBC}") = "Rex.Server.Tests", "tests\Rex.Server.Tests\Rex.Server.Tests.csproj", "{C3D4E5F6-A7B8-4901-8234-56789ABCDEF1}"
EndProject
Project("{FAE04EC0-301F-11D3-BF4B-00C04F79EFBC}") = "Rex.Roslyn.Shared.Tests", "tests\Rex.Roslyn.Shared.Tests\Rex.Roslyn.Shared.Tests.csproj", "{C3D4E5F6-A7B8-4901-8234-56789ABCDEF2}"
EndProject
Project("{FAE04EC0-301F-11D3-BF4B-00C04F79EFBC}") = "Rex.Analyzers.Tests", "tests\Rex.Analyzers.Tests\Rex.Analyzers.Tests.csproj", "{C3D4E5F6-A7B8-4901-8234-56789ABCDEF3}"
EndProject
Project("{FAE04EC0-301F-11D3-BF4B-00C04F79EFBC}") = "Rex.Sandbox.Shared.Tests", "tests\Rex.Sandbox.Shared.Tests\Rex.Sandbox.Shared.Tests.csproj", "{9F592C0D-630F-423B-96C2-192F51000410}"
EndProject
Global
	GlobalSection(SolutionConfigurationPlatforms) = preSolution
		Debug|Any CPU = Debug|Any CPU
		Debug|x64 = Debug|x64
		Debug|x86 = Debug|x86
		Release|Any CPU = Release|Any CPU
		Release|x64 = Release|x64
		Release|x86 = Release|x86
	EndGlobalSection
	GlobalSection(ProjectConfigurationPlatforms) = postSolution
		{C7BBC8E4-8779-4560-8460-79FA9433A604}.Debug|Any CPU.ActiveCfg = Debug|Any CPU
		{C7BBC8E4-8779-4560-8460-79FA9433A604}.Debug|Any CPU.Build.0 = Debug|Any CPU
		{C7BBC8E4-8779-4560-8460-79FA9433A604}.Debug|x64.ActiveCfg = Debug|Any CPU
		{C7BBC8E4-8779-4560-8460-79FA9433A604}.Debug|x64.Build.0 = Debug|Any CPU
		{C7BBC8E4-8779-4560-8460-79FA9433A604}.Debug|x86.ActiveCfg = Debug|Any CPU
		{C7BBC8E4-8779-4560-8460-79FA9433A604}.Debug|x86.Build.0 = Debug|Any CPU
		{C7BBC8E4-8779-4560-8460-79FA9433A604}.Release|Any CPU.ActiveCfg = Release|Any CPU
		{C7BBC8E4-8779-4560-8460-79FA9433A604}.Release|Any CPU.Build.0 = Release|Any CPU
		{C7BBC8E4-8779-4560-8460-79FA9433A604}.Release|x64.ActiveCfg = Release|Any CPU
		{C7BBC8E4-8779-4560-8460-79FA9433A604}.Release|x64.Build.0 = Release|Any CPU
		{C7BBC8E4-8779-4560-8460-79FA9433A604}.Release|x86.ActiveCfg = Release|Any CPU
		{C7BBC8E4-8779-4560-8460-79FA9433A604}.Release|x86.Build.0 = Release|Any CPU
		{E959D0E9-4657-4890-BDA9-F62A88656795}.Debug|Any CPU.ActiveCfg = Debug|Any CPU
		{E959D0E9-4657-4890-BDA9-F62A88656795}.Debug|Any CPU.Build.0 = Debug|Any CPU
		{E959D0E9-4657-4890-BDA9-F62A88656795}.Debug|x64.ActiveCfg = Debug|Any CPU
		{E959D0E9-4657-4890-BDA9-F62A88656795}.Debug|x64.Build.0 = Debug|Any CPU
		{E959D0E9-4657-4890-BDA9-F62A88656795}.Debug|x86.ActiveCfg = Debug|Any CPU
		{E959D0E9-4657-4890-BDA9-F62A88656795}.Debug|x86.Build.0 = Debug|Any CPU
		{E959D0E9-4657-4890-BDA9-F62A88656795}.Release|Any CPU.ActiveCfg = Release|Any CPU
		{E959D0E9-4657-4890-BDA9-F62A88656795}.Release|Any CPU.Build.0 = Release|Any CPU
		{E959D0E9-4657-4890-BDA9-F62A88656795}.Release|x64.ActiveCfg = Release|Any CPU
		{E959D0E9-4657-4890-BDA9-F62A88656795}.Release|x64.Build.0 = Release|Any CPU
		{E959D0E9-4657-4890-BDA9-F62A88656795}.Release|x86.ActiveCfg = Release|Any CPU
		{E959D0E9-4657-4890-BDA9-F62A88656795}.Release|x86.Build.0 = Release|Any CPU
		{D99CE9D4-28DB-4E76-AAA5-E1DC01444722}.Debug|Any CPU.ActiveCfg = Debug|Any CPU
		{D99CE9D4-28DB-4E76-AAA5-E1DC01444722}.Debug|Any CPU.Build.0 = Debug|Any CPU
		{D99CE9D4-28DB-4E76-AAA5-E1DC01444722}.Debug|x64.ActiveCfg = Debug|Any CPU
		{D99CE9D4-28DB-4E76-AAA5-E1DC01444722}.Debug|x64.Build.0 = Debug|Any CPU
		{D99CE9D4-28DB-4E76-AAA5-E1DC01444722}.Debug|x86.ActiveCfg = Debug|Any CPU
		{D99CE9D4-28DB-4E76-AAA5-E1DC01444722}.Debug|x86.Build.0 = Debug|Any CPU
		{D99CE9D4-28DB-4E76-AAA5-E1DC01444722}.Release|Any CPU.ActiveCfg = Release|Any CPU
		{D99CE9D4-28DB-4E76-AAA5-E1DC01444722}.Release|Any CPU.Build.0 = Release|Any CPU
		{D99CE9D4-28DB-4E76-AAA5-E1DC01444722}.Release|x64.ActiveCfg = Release|Any CPU
		{D99CE9D4-28DB-4E76-AAA5-E1DC01444722}.Release|x64.Build.0 = Release|Any CPU
		{D99CE9D4-28DB-4E76-AAA5-E1DC01444722}.Release|x86.ActiveCfg = Release|Any CPU
		{D99CE9D4-28DB-4E76-AAA5-E1DC01444722}.Release|x86.Build.0 = Release|Any CPU
		{D2F20706-68F8-4C43-9558-50C11DEF7D88}.Debug|Any CPU.ActiveCfg = Debug|Any CPU
		{D2F20706-68F8-4C43-9558-50C11DEF7D88}.Debug|Any CPU.Build.0 = Debug|Any CPU
		{D2F20706-68F8-4C43-9558-50C11DEF7D88}.Debug|x64.ActiveCfg = Debug|Any CPU
		{D2F20706-68F8-4C43-9558-50C11DEF7D88}.Debug|x64.Build.0 = Debug|Any CPU
		{D2F20706-68F8-4C43-9558-50C11DEF7D88}.Debug|x86.ActiveCfg = Debug|Any CPU
		{D2F20706-68F8-4C43-9558-50C11DEF7D88}.Debug|x86.Build.0 = Debug|Any CPU
		{D2F20706-68F8-4C43-9558-50C11DEF7D88}.Release|Any CPU.ActiveCfg = Release|Any CPU
		{D2F20706-68F8-4C43-9558-50C11DEF7D88}.Release|Any CPU.Build.0 = Release|Any CPU
		{D2F20706-68F8-4C43-9558-50C11DEF7D88}.Release|x64.ActiveCfg = Release|Any CPU
		{D2F20706-68F8-4C43-9558-50C11DEF7D88}.Release|x64.Build.0 = Release|Any CPU
		{D2F20706-68F8-4C43-9558-50C11DEF7D88}.Release|x86.ActiveCfg = Release|Any CPU
		{D2F20706-68F8-4C43-9558-50C11DEF7D88}.Release|x86.Build.0 = Release|Any CPU
		{3A55A58E-0701-41E6-994F-EC6D89091E40}.Debug|Any CPU.ActiveCfg = Debug|Any CPU
		{3A55A58E-0701-41E6-994F-EC6D89091E40}.Debug|Any CPU.Build.0 = Debug|Any CPU
		{3A55A58E-0701-41E6-994F-EC6D89091E40}.Debug|x64.ActiveCfg = Debug|Any CPU
		{3A55A58E-0701-41E6-994F-EC6D89091E40}.Debug|x64.Build.0 = Debug|Any CPU
		{3A55A58E-0701-41E6-994F-EC6D89091E40}.Debug|x86.ActiveCfg = Debug|Any CPU
		{3A55A58E-0701-41E6-994F-EC6D89091E40}.Debug|x86.Build.0 = Debug|Any CPU
		{3A55A58E-0701-41E6-994F-EC6D89091E40}.Release|Any CPU.ActiveCfg = Release|Any CPU
		{3A55A58E-0701-41E6-994F-EC6D89091E40}.Release|Any CPU.Build.0 = Release|Any CPU
		{3A55A58E-0701-41E6-994F-EC6D89091E40}.Release|x64.ActiveCfg = Release|Any CPU
		{3A55A58E-0701-41E6-994F-EC6D89091E40}.Release|x64.Build.0 = Release|Any CPU
		{3A55A58E-0701-41E6-994F-EC6D89091E40}.Release|x86.ActiveCfg = Release|Any CPU
		{3A55A58E-0701-41E6-994F-EC6D89091E40}.Release|x86.Build.0 = Release|Any CPU
		{FB308DAC-D429-4B91-9C09-F11C0BEC38EF}.Debug|Any CPU.ActiveCfg = Debug|Any CPU
		{FB308DAC-D429-4B91-9C09-F11C0BEC38EF}.Debug|Any CPU.Build.0 = Debug|Any CPU
		{FB308DAC-D429-4B91-9C09-F11C0BEC38EF}.Debug|x64.ActiveCfg = Debug|Any CPU
		{FB308DAC-D429-4B91-9C09-F11C0BEC38EF}.Debug|x64.Build.0 = Debug|Any CPU
		{FB308DAC-D429-4B91-9C09-F11C0BEC38EF}.Debug|x86.ActiveCfg = Debug|Any CPU
		{FB308DAC-D429-4B91-9C09-F11C0BEC38EF}.Debug|x86.Build.0 = Debug|Any CPU
		{FB308DAC-D429-4B91-9C09-F11C0BEC38EF}.Release|Any CPU.ActiveCfg = Release|Any CPU
		{FB308DAC-D429-4B91-9C09-F11C0BEC38EF}.Release|Any CPU.Build.0 = Release|Any CPU
		{FB308DAC-D429-4B91-9C09-F11C0BEC38EF}.Release|x64.ActiveCfg = Release|Any CPU
		{FB308DAC-D429-4B91-9C09-F11C0BEC38EF}.Release|x64.Build.0 = Release|Any CPU
		{FB308DAC-D429-4B91-9C09-F11C0BEC38EF}.Release|x86.ActiveCfg = Release|Any CPU
		{FB308DAC-D429-4B91-9C09-F11C0BEC38EF}.Release|x86.Build.0 = Release|Any CPU
		{0C179BDF-FC90-4285-822E-303B574D5EE8}.Debug|Any CPU.ActiveCfg = Debug|Any CPU
		{0C179BDF-FC90-4285-822E-303B574D5EE8}.Debug|Any CPU.Build.0 = Debug|Any CPU
		{0C179BDF-FC90-4285-822E-303B574D5EE8}.Debug|x64.ActiveCfg = Debug|Any CPU
		{0C179BDF-FC90-4285-822E-303B574D5EE8}.Debug|x64.Build.0 = Debug|Any CPU
		{0C179BDF-FC90-4285-822E-303B574D5EE8}.Debug|x86.ActiveCfg = Debug|Any CPU
		{0C179BDF-FC90-4285-822E-303B574D5EE8}.Debug|x86.Build.0 = Debug|Any CPU
		{0C179BDF-FC90-4285-822E-303B574D5EE8}.Release|Any CPU.ActiveCfg = Release|Any CPU
		{0C179BDF-FC90-4285-822E-303B574D5EE8}.Release|Any CPU.Build.0 = Release|Any CPU
		{0C179BDF-FC90-4285-822E-303B574D5EE8}.Release|x64.ActiveCfg = Release|Any CPU
		{0C179BDF-FC90-4285-822E-303B574D5EE8}.Release|x64.Build.0 = Release|Any CPU
		{0C179BDF-FC90-4285-822E-303B574D5EE8}.Release|x86.ActiveCfg = Release|Any CPU
		{0C179BDF-FC90-4285-822E-303B574D5EE8}.Release|x86.Build.0 = Release|Any CPU
		{103ACDE9-720F-407A-B9B3-80849773739F}.Debug|Any CPU.ActiveCfg = Debug|Any CPU
		{103ACDE9-720F-407A-B9B3-80849773739F}.Debug|Any CPU.Build.0 = Debug|Any CPU
		{103ACDE9-720F-407A-B9B3-80849773739F}.Debug|x64.ActiveCfg = Debug|Any CPU
		{103ACDE9-720F-407A-B9B3-80849773739F}.Debug|x64.Build.0 = Debug|Any CPU
		{103ACDE9-720F-407A-B9B3-80849773739F}.Debug|x86.ActiveCfg = Debug|Any CPU
		{103ACDE9-720F-407A-B9B3-80849773739F}.Debug|x86.Build.0 = Debug|Any CPU
		{103ACDE9-720F-407A-B9B3-80849773739F}.Release|Any CPU.ActiveCfg = Release|Any CPU
		{103ACDE9-720F-407A-B9B3-80849773739F}.Release|Any CPU.Build.0 = Release|Any CPU
		{103ACDE9-720F-407A-B9B3-80849773739F}.Release|x64.ActiveCfg = Release|Any CPU
		{103ACDE9-720F-407A-B9B3-80849773739F}.Release|x64.Build.0 = Release|Any CPU
		{103ACDE9-720F-407A-B9B3-80849773739F}.Release|x86.ActiveCfg = Release|Any CPU
		{103ACDE9-720F-407A-B9B3-80849773739F}.Release|x86.Build.0 = Release|Any CPU
		{F57B4233-CA36-4A18-A8FC-32611A959FED}.Debug|Any CPU.ActiveCfg = Debug|Any CPU
		{F57B4233-CA36-4A18-A8FC-32611A959FED}.Debug|Any CPU.Build.0 = Debug|Any CPU
		{F57B4233-CA36-4A18-A8FC-32611A959FED}.Debug|x64.ActiveCfg = Debug|Any CPU
		{F57B4233-CA36-4A18-A8FC-32611A959FED}.Debug|x64.Build.0 = Debug|Any CPU
		{F57B4233-CA36-4A18-A8FC-32611A959FED}.Debug|x86.ActiveCfg = Debug|Any CPU
		{F57B4233-CA36-4A18-A8FC-32611A959FED}.Debug|x86.Build.0 = Debug|Any CPU
		{F57B4233-CA36-4A18-A8FC-32611A959FED}.Release|Any CPU.ActiveCfg = Release|Any CPU
		{F57B4233-CA36-4A18-A8FC-32611A959FED}.Release|Any CPU.Build.0 = Release|Any CPU
		{F57B4233-CA36-4A18-A8FC-32611A959FED}.Release|x64.ActiveCfg = Release|Any CPU
		{F57B4233-CA36-4A18-A8FC-32611A959FED}.Release|x64.Build.0 = Release|Any CPU
		{F57B4233-CA36-4A18-A8FC-32611A959FED}.Release|x86.ActiveCfg = Release|Any CPU
		{F57B4233-CA36-4A18-A8FC-32611A959FED}.Release|x86.Build.0 = Release|Any CPU
		{E9EA2E4E-ED94-4B75-A730-39BF51C22190}.Debug|Any CPU.ActiveCfg = Debug|Any CPU
		{E9EA2E4E-ED94-4B75-A730-39BF51C22190}.Debug|Any CPU.Build.0 = Debug|Any CPU
		{E9EA2E4E-ED94-4B75-A730-39BF51C22190}.Debug|x64.ActiveCfg = Debug|Any CPU
		{E9EA2E4E-ED94-4B75-A730-39BF51C22190}.Debug|x64.Build.0 = Debug|Any CPU
		{E9EA2E4E-ED94-4B75-A730-39BF51C22190}.Debug|x86.ActiveCfg = Debug|Any CPU
		{E9EA2E4E-ED94-4B75-A730-39BF51C22190}.Debug|x86.Build.0 = Debug|Any CPU
		{E9EA2E4E-ED94-4B75-A730-39BF51C22190}.Release|Any CPU.ActiveCfg = Release|Any CPU
		{E9EA2E4E-ED94-4B75-A730-39BF51C22190}.Release|Any CPU.Build.0 = Release|Any CPU
		{E9EA2E4E-ED94-4B75-A730-39BF51C22190}.Release|x64.ActiveCfg = Release|Any CPU
		{E9EA2E4E-ED94-4B75-A730-39BF51C22190}.Release|x64.Build.0 = Release|Any CPU
		{E9EA2E4E-ED94-4B75-A730-39BF51C22190}.Release|x86.ActiveCfg = Release|Any CPU
		{E9EA2E4E-ED94-4B75-A730-39BF51C22190}.Release|x86.Build.0 = Release|Any CPU
		{8A4F2E19-3C7B-4D5E-AF01-926B8C4E3D20}.Debug|Any CPU.ActiveCfg = Debug|Any CPU
		{8A4F2E19-3C7B-4D5E-AF01-926B8C4E3D20}.Debug|Any CPU.Build.0 = Debug|Any CPU
		{8A4F2E19-3C7B-4D5E-AF01-926B8C4E3D20}.Debug|x64.ActiveCfg = Debug|Any CPU
		{8A4F2E19-3C7B-4D5E-AF01-926B8C4E3D20}.Debug|x64.Build.0 = Debug|Any CPU
		{8A4F2E19-3C7B-4D5E-AF01-926B8C4E3D20}.Debug|x86.ActiveCfg = Debug|Any CPU
		{8A4F2E19-3C7B-4D5E-AF01-926B8C4E3D20}.Debug|x86.Build.0 = Debug|Any CPU
		{8A4F2E19-3C7B-4D5E-AF01-926B8C4E3D20}.Release|Any CPU.ActiveCfg = Release|Any CPU
		{8A4F2E19-3C7B-4D5E-AF01-926B8C4E3D20}.Release|Any CPU.Build.0 = Release|Any CPU
		{8A4F2E19-3C7B-4D5E-AF01-926B8C4E3D20}.Release|x64.ActiveCfg = Release|Any CPU
		{8A4F2E19-3C7B-4D5E-AF01-926B8C4E3D20}.Release|x64.Build.0 = Release|Any CPU
		{8A4F2E19-3C7B-4D5E-AF01-926B8C4E3D20}.Release|x86.ActiveCfg = Release|Any CPU
		{8A4F2E19-3C7B-4D5E-AF01-926B8C4E3D20}.Release|x86.Build.0 = Release|Any CPU
		{C3D4E5F6-A7B8-4901-8234-56789ABCDEF0}.Debug|Any CPU.ActiveCfg = Debug|Any CPU
		{C3D4E5F6-A7B8-4901-8234-56789ABCDEF0}.Debug|Any CPU.Build.0 = Debug|Any CPU
		{C3D4E5F6-A7B8-4901-8234-56789ABCDEF0}.Debug|x64.ActiveCfg = Debug|Any CPU
		{C3D4E5F6-A7B8-4901-8234-56789ABCDEF0}.Debug|x64.Build.0 = Debug|Any CPU
		{C3D4E5F6-A7B8-4901-8234-56789ABCDEF0}.Debug|x86.ActiveCfg = Debug|Any CPU
		{C3D4E5F6-A7B8-4901-8234-56789ABCDEF0}.Debug|x86.Build.0 = Debug|Any CPU
		{C3D4E5F6-A7B8-4901-8234-56789ABCDEF0}.Release|Any CPU.ActiveCfg = Release|Any CPU
		{C3D4E5F6-A7B8-4901-8234-56789ABCDEF0}.Release|Any CPU.Build.0 = Release|Any CPU
		{C3D4E5F6-A7B8-4901-8234-56789ABCDEF0}.Release|x64.ActiveCfg = Release|Any CPU
		{C3D4E5F6-A7B8-4901-8234-56789ABCDEF0}.Release|x64.Build.0 = Release|Any CPU
		{C3D4E5F6-A7B8-4901-8234-56789ABCDEF0}.Release|x86.ActiveCfg = Release|Any CPU
		{C3D4E5F6-A7B8-4901-8234-56789ABCDEF0}.Release|x86.Build.0 = Release|Any CPU
		{C3D4E5F6-A7B8-4901-8234-56789ABCDEF1}.Debug|Any CPU.ActiveCfg = Debug|Any CPU
		{C3D4E5F6-A7B8-4901-8234-56789ABCDEF1}.Debug|Any CPU.Build.0 = Debug|Any CPU
		{C3D4E5F6-A7B8-4901-8234-56789ABCDEF1}.Debug|x64.ActiveCfg = Debug|Any CPU
		{C3D4E5F6-A7B8-4901-8234-56789ABCDEF1}.Debug|x64.Build.0 = Debug|Any CPU
		{C3D4E5F6-A7B8-4901-8234-56789ABCDEF1}.Debug|x86.ActiveCfg = Debug|Any CPU
		{C3D4E5F6-A7B8-4901-8234-56789ABCDEF1}.Debug|x86.Build.0 = Debug|Any CPU
		{C3D4E5F6-A7B8-4901-8234-56789ABCDEF1}.Release|Any CPU.ActiveCfg = Release|Any CPU
		{C3D4E5F6-A7B8-4901-8234-56789ABCDEF1}.Release|Any CPU.Build.0 = Release|Any CPU
		{C3D4E5F6-A7B8-4901-8234-56789ABCDEF1}.Release|x64.ActiveCfg = Release|Any CPU
		{C3D4E5F6-A7B8-4901-8234-56789ABCDEF1}.Release|x64.Build.0 = Release|Any CPU
		{C3D4E5F6-A7B8-4901-8234-56789ABCDEF1}.Release|x86.ActiveCfg = Release|Any CPU
		{C3D4E5F6-A7B8-4901-8234-56789ABCDEF1}.Release|x86.Build.0 = Release|Any CPU
		{C3D4E5F6-A7B8-4901-8234-56789ABCDEF2}.Debug|Any CPU.ActiveCfg = Debug|Any CPU
		{C3D4E5F6-A7B8-4901-8234-56789ABCDEF2}.Debug|Any CPU.Build.0 = Debug|Any CPU
		{C3D4E5F6-A7B8-4901-8234-56789ABCDEF2}.Debug|x64.ActiveCfg = Debug|Any CPU
		{C3D4E5F6-A7B8-4901-8234-56789ABCDEF2}.Debug|x64.Build.0 = Debug|Any CPU
		{C3D4E5F6-A7B8-4901-8234-56789ABCDEF2}.Debug|x86.ActiveCfg = Debug|Any CPU
		{C3D4E5F6-A7B8-4901-8234-56789ABCDEF2}.Debug|x86.Build.0 = Debug|Any CPU
		{C3D4E5F6-A7B8-4901-8234-56789ABCDEF2}.Release|Any CPU.ActiveCfg = Release|Any CPU
		{C3D4E5F6-A7B8-4901-8234-56789ABCDEF2}.Release|Any CPU.Build.0 = Release|Any CPU
		{C3D4E5F6-A7B8-4901-8234-56789ABCDEF2}.Release|x64.ActiveCfg = Release|Any CPU
		{C3D4E5F6-A7B8-4901-8234-56789ABCDEF2}.Release|x64.Build.0 = Release|Any CPU
		{C3D4E5F6-A7B8-4901-8234-56789ABCDEF2}.Release|x86.ActiveCfg = Release|Any CPU
		{C3D4E5F6-A7B8-4901-8234-56789ABCDEF2}.Release|x86.Build.0 = Release|Any CPU
		{C3D4E5F6-A7B8-4901-8234-56789ABCDEF3}.Debug|Any CPU.ActiveCfg = Debug|Any CPU
		{C3D4E5F6-A7B8-4901-8234-56789ABCDEF3}.Debug|Any CPU.Build.0 = Debug|Any CPU
		{C3D4E5F6-A7B8-4901-8234-56789ABCDEF3}.Debug|x64.ActiveCfg = Debug|Any CPU
		{C3D4E5F6-A7B8-4901-8234-56789ABCDEF3}.Debug|x64.Build.0 = Debug|Any CPU
		{C3D4E5F6-A7B8-4901-8234-56789ABCDEF3}.Debug|x86.ActiveCfg = Debug|Any CPU
		{C3D4E5F6-A7B8-4901-8234-56789ABCDEF3}.Debug|x86.Build.0 = Debug|Any CPU
		{C3D4E5F6-A7B8-4901-8234-56789ABCDEF3}.Release|Any CPU.ActiveCfg = Release|Any CPU
		{C3D4E5F6-A7B8-4901-8234-56789ABCDEF3}.Release|Any CPU.Build.0 = Release|Any CPU
		{C3D4E5F6-A7B8-4901-8234-56789ABCDEF3}.Release|x64.ActiveCfg = Release|Any CPU
		{C3D4E5F6-A7B8-4901-8234-56789ABCDEF3}.Release|x64.Build.0 = Release|Any CPU
		{C3D4E5F6-A7B8-4901-8234-56789ABCDEF3}.Release|x86.ActiveCfg = Release|Any CPU
		{C3D4E5F6-A7B8-4901-8234-56789ABCDEF3}.Release|x86.Build.0 = Release|Any CPU
		{9F592C0D-630F-423B-96C2-192F51000410}.Debug|Any CPU.ActiveCfg = Debug|Any CPU
		{9F592C0D-630F-423B-96C2-192F51000410}.Debug|Any CPU.Build.0 = Debug|Any CPU
		{9F592C0D-630F-423B-96C2-192F51000410}.Debug|x64.ActiveCfg = Debug|Any CPU
		{9F592C0D-630F-423B-96C2-192F51000410}.Debug|x64.Build.0 = Debug|Any CPU
		{9F592C0D-630F-423B-96C2-192F51000410}.Debug|x86.ActiveCfg = Debug|Any CPU
		{9F592C0D-630F-423B-96C2-192F51000410}.Debug|x86.Build.0 = Debug|Any CPU
		{9F592C0D-630F-423B-96C2-192F51000410}.Release|Any CPU.ActiveCfg = Release|Any CPU
		{9F592C0D-630F-423B-96C2-192F51000410}.Release|Any CPU.Build.0 = Release|Any CPU
		{9F592C0D-630F-423B-96C2-192F51000410}.Release|x64.ActiveCfg = Release|Any CPU
		{9F592C0D-630F-423B-96C2-192F51000410}.Release|x64.Build.0 = Release|Any CPU
		{9F592C0D-630F-423B-96C2-192F51000410}.Release|x86.ActiveCfg = Release|Any CPU
		{9F592C0D-630F-423B-96C2-192F51000410}.Release|x86.Build.0 = Release|Any CPU
	EndGlobalSection
	GlobalSection(SolutionProperties) = preSolution
		HideSolutionNode = FALSE
	EndGlobalSection
	GlobalSection(NestedProjects) = preSolution
		{8A4F2E19-3C7B-4D5E-AF01-926B8C4E3D20} = {E4B8F2A1-9C3D-4E7B-8F1A-2D6C9E0B5A4F}
		{C3D4E5F6-A7B8-4901-8234-56789ABCDEF0} = {E4B8F2A1-9C3D-4E7B-8F1A-2D6C9E0B5A4F}
		{C3D4E5F6-A7B8-4901-8234-56789ABCDEF1} = {E4B8F2A1-9C3D-4E7B-8F1A-2D6C9E0B5A4F}
		{C3D4E5F6-A7B8-4901-8234-56789ABCDEF2} = {E4B8F2A1-9C3D-4E7B-8F1A-2D6C9E0B5A4F}
		{C3D4E5F6-A7B8-4901-8234-56789ABCDEF3} = {E4B8F2A1-9C3D-4E7B-8F1A-2D6C9E0B5A4F}
		{9F592C0D-630F-423B-96C2-192F51000410} = {E4B8F2A1-9C3D-4E7B-8F1A-2D6C9E0B5A4F}
	EndGlobalSection
EndGlobal
