
Microsoft Visual Studio Solution File, Format Version 12.00
Project("{FAE04EC0-301F-11D3-BF4B-00C04F79EFBC}") = "Rex.Client", "Rex.Client\Rex.Client.csproj", "{C7BBC8E4-8779-4560-8460-79FA9433A604}"
EndProject
Project("{FAE04EC0-301F-11D3-BF4B-00C04F79EFBC}") = "Rex.Server", "Rex.Server\Rex.Server.csproj", "{E959D0E9-4657-4890-BDA9-F62A88656795}"
EndProject
Project("{FAE04EC0-301F-11D3-BF4B-00C04F79EFBC}") = "Rex.Shared", "Rex.Shared\Rex.Shared.csproj", "{D99CE9D4-28DB-4E76-AAA5-E1DC01444722}"
EndProject
Project("{FAE04EC0-301F-11D3-BF4B-00C04F79EFBC}") = "Rex.Generators", "Rex.Generators\Rex.Generators.csproj", "{D2F20706-68F8-4C43-9558-50C11DEF7D88}"
EndProject
Project("{2150E333-8FDC-42A3-9474-1A3956D46DE8}") = ".run", ".run", "{F8A29059-96A6-43E1-B605-83B218ACD285}"
	ProjectSection(SolutionItems) = preProject
		.run\Rex Client.run.xml = .run\Rex Client.run.xml
		.run\Rex Listen Server.run.xml = .run\Rex Listen Server.run.xml
		.run\Rex Server + Client.run.xml = .run\Rex Server + Client.run.xml
		.run\Rex Server.run.xml = .run\Rex Server.run.xml
		.run\Rex Standalone.run.xml = .run\Rex Standalone.run.xml
	EndProjectSection
EndProject
Project("{FAE04EC0-301F-11D3-BF4B-00C04F79EFBC}") = "Rex.Analyzers", "Rex.Analyzers\Rex.Analyzers.csproj", "{103ACDE9-720F-407A-B9B3-80849773739F}"
EndProject
Project("{FAE04EC0-301F-11D3-BF4B-00C04F79EFBC}") = "Rex.Roslyn.Shared", "Rex.Roslyn.Shared\Rex.Roslyn.Shared.csproj", "{F57B4233-CA36-4A18-A8FC-32611A959FED}"
EndProject
Project("{FAE04EC0-301F-11D3-BF4B-00C04F79EFBC}") = "Rex.Docs", "Rex.Docs\Rex.Docs.csproj", "{E9EA2E4E-ED94-4B75-A730-39BF51C22190}"
EndProject
Global
	GlobalSection(SolutionConfigurationPlatforms) = preSolution
		Debug|Any CPU = Debug|Any CPU
		Debug|x64 = Debug|x64
		Debug|x86 = Debug|x86
		Release|Any CPU = Release|Any CPU
		Release|x64 = Release|x64
		Release|x86 = Release|x86
	EndGlobalSection
	GlobalSection(ProjectConfigurationPlatforms) = postSolution
		{C7BBC8E4-8779-4560-8460-79FA9433A604}.Debug|Any CPU.ActiveCfg = Debug|Any CPU
		{C7BBC8E4-8779-4560-8460-79FA9433A604}.Debug|Any CPU.Build.0 = Debug|Any CPU
		{C7BBC8E4-8779-4560-8460-79FA9433A604}.Debug|x64.ActiveCfg = Debug|Any CPU
		{C7BBC8E4-8779-4560-8460-79FA9433A604}.Debug|x64.Build.0 = Debug|Any CPU
		{C7BBC8E4-8779-4560-8460-79FA9433A604}.Debug|x86.ActiveCfg = Debug|Any CPU
		{C7BBC8E4-8779-4560-8460-79FA9433A604}.Debug|x86.Build.0 = Debug|Any CPU
		{C7BBC8E4-8779-4560-8460-79FA9433A604}.Release|Any CPU.ActiveCfg = Release|Any CPU
		{C7BBC8E4-8779-4560-8460-79FA9433A604}.Release|Any CPU.Build.0 = Release|Any CPU
		{C7BBC8E4-8779-4560-8460-79FA9433A604}.Release|x64.ActiveCfg = Release|Any CPU
		{C7BBC8E4-8779-4560-8460-79FA9433A604}.Release|x64.Build.0 = Release|Any CPU
		{C7BBC8E4-8779-4560-8460-79FA9433A604}.Release|x86.ActiveCfg = Release|Any CPU
		{C7BBC8E4-8779-4560-8460-79FA9433A604}.Release|x86.Build.0 = Release|Any CPU
		{E959D0E9-4657-4890-BDA9-F62A88656795}.Debug|Any CPU.ActiveCfg = Debug|Any CPU
		{E959D0E9-4657-4890-BDA9-F62A88656795}.Debug|Any CPU.Build.0 = Debug|Any CPU
		{E959D0E9-4657-4890-BDA9-F62A88656795}.Debug|x64.ActiveCfg = Debug|Any CPU
		{E959D0E9-4657-4890-BDA9-F62A88656795}.Debug|x64.Build.0 = Debug|Any CPU
		{E959D0E9-4657-4890-BDA9-F62A88656795}.Debug|x86.ActiveCfg = Debug|Any CPU
		{E959D0E9-4657-4890-BDA9-F62A88656795}.Debug|x86.Build.0 = Debug|Any CPU
		{E959D0E9-4657-4890-BDA9-F62A88656795}.Release|Any CPU.ActiveCfg = Release|Any CPU
		{E959D0E9-4657-4890-BDA9-F62A88656795}.Release|Any CPU.Build.0 = Release|Any CPU
		{E959D0E9-4657-4890-BDA9-F62A88656795}.Release|x64.ActiveCfg = Release|Any CPU
		{E959D0E9-4657-4890-BDA9-F62A88656795}.Release|x64.Build.0 = Release|Any CPU
		{E959D0E9-4657-4890-BDA9-F62A88656795}.Release|x86.ActiveCfg = Release|Any CPU
		{E959D0E9-4657-4890-BDA9-F62A88656795}.Release|x86.Build.0 = Release|Any CPU
		{D99CE9D4-28DB-4E76-AAA5-E1DC01444722}.Debug|Any CPU.ActiveCfg = Debug|Any CPU
		{D99CE9D4-28DB-4E76-AAA5-E1DC01444722}.Debug|Any CPU.Build.0 = Debug|Any CPU
		{D99CE9D4-28DB-4E76-AAA5-E1DC01444722}.Debug|x64.ActiveCfg = Debug|Any CPU
		{D99CE9D4-28DB-4E76-AAA5-E1DC01444722}.Debug|x64.Build.0 = Debug|Any CPU
		{D99CE9D4-28DB-4E76-AAA5-E1DC01444722}.Debug|x86.ActiveCfg = Debug|Any CPU
		{D99CE9D4-28DB-4E76-AAA5-E1DC01444722}.Debug|x86.Build.0 = Debug|Any CPU
		{D99CE9D4-28DB-4E76-AAA5-E1DC01444722}.Release|Any CPU.ActiveCfg = Release|Any CPU
		{D99CE9D4-28DB-4E76-AAA5-E1DC01444722}.Release|Any CPU.Build.0 = Release|Any CPU
		{D99CE9D4-28DB-4E76-AAA5-E1DC01444722}.Release|x64.ActiveCfg = Release|Any CPU
		{D99CE9D4-28DB-4E76-AAA5-E1DC01444722}.Release|x64.Build.0 = Release|Any CPU
		{D99CE9D4-28DB-4E76-AAA5-E1DC01444722}.Release|x86.ActiveCfg = Release|Any CPU
		{D99CE9D4-28DB-4E76-AAA5-E1DC01444722}.Release|x86.Build.0 = Release|Any CPU
		{D2F20706-68F8-4C43-9558-50C11DEF7D88}.Debug|Any CPU.ActiveCfg = Debug|Any CPU
		{D2F20706-68F8-4C43-9558-50C11DEF7D88}.Debug|Any CPU.Build.0 = Debug|Any CPU
		{D2F20706-68F8-4C43-9558-50C11DEF7D88}.Debug|x64.ActiveCfg = Debug|Any CPU
		{D2F20706-68F8-4C43-9558-50C11DEF7D88}.Debug|x64.Build.0 = Debug|Any CPU
		{D2F20706-68F8-4C43-9558-50C11DEF7D88}.Debug|x86.ActiveCfg = Debug|Any CPU
		{D2F20706-68F8-4C43-9558-50C11DEF7D88}.Debug|x86.Build.0 = Debug|Any CPU
		{D2F20706-68F8-4C43-9558-50C11DEF7D88}.Release|Any CPU.ActiveCfg = Release|Any CPU
		{D2F20706-68F8-4C43-9558-50C11DEF7D88}.Release|Any CPU.Build.0 = Release|Any CPU
		{D2F20706-68F8-4C43-9558-50C11DEF7D88}.Release|x64.ActiveCfg = Release|Any CPU
		{D2F20706-68F8-4C43-9558-50C11DEF7D88}.Release|x64.Build.0 = Release|Any CPU
		{D2F20706-68F8-4C43-9558-50C11DEF7D88}.Release|x86.ActiveCfg = Release|Any CPU
		{D2F20706-68F8-4C43-9558-50C11DEF7D88}.Release|x86.Build.0 = Release|Any CPU
		{103ACDE9-720F-407A-B9B3-80849773739F}.Debug|Any CPU.ActiveCfg = Debug|Any CPU
		{103ACDE9-720F-407A-B9B3-80849773739F}.Debug|Any CPU.Build.0 = Debug|Any CPU
		{103ACDE9-720F-407A-B9B3-80849773739F}.Debug|x64.ActiveCfg = Debug|Any CPU
		{103ACDE9-720F-407A-B9B3-80849773739F}.Debug|x64.Build.0 = Debug|Any CPU
		{103ACDE9-720F-407A-B9B3-80849773739F}.Debug|x86.ActiveCfg = Debug|Any CPU
		{103ACDE9-720F-407A-B9B3-80849773739F}.Debug|x86.Build.0 = Debug|Any CPU
		{103ACDE9-720F-407A-B9B3-80849773739F}.Release|Any CPU.ActiveCfg = Release|Any CPU
		{103ACDE9-720F-407A-B9B3-80849773739F}.Release|Any CPU.Build.0 = Release|Any CPU
		{103ACDE9-720F-407A-B9B3-80849773739F}.Release|x64.ActiveCfg = Release|Any CPU
		{103ACDE9-720F-407A-B9B3-80849773739F}.Release|x64.Build.0 = Release|Any CPU
		{103ACDE9-720F-407A-B9B3-80849773739F}.Release|x86.ActiveCfg = Release|Any CPU
		{103ACDE9-720F-407A-B9B3-80849773739F}.Release|x86.Build.0 = Release|Any CPU
		{F57B4233-CA36-4A18-A8FC-32611A959FED}.Debug|Any CPU.ActiveCfg = Debug|Any CPU
		{F57B4233-CA36-4A18-A8FC-32611A959FED}.Debug|Any CPU.Build.0 = Debug|Any CPU
		{F57B4233-CA36-4A18-A8FC-32611A959FED}.Debug|x64.ActiveCfg = Debug|Any CPU
		{F57B4233-CA36-4A18-A8FC-32611A959FED}.Debug|x64.Build.0 = Debug|Any CPU
		{F57B4233-CA36-4A18-A8FC-32611A959FED}.Debug|x86.ActiveCfg = Debug|Any CPU
		{F57B4233-CA36-4A18-A8FC-32611A959FED}.Debug|x86.Build.0 = Debug|Any CPU
		{F57B4233-CA36-4A18-A8FC-32611A959FED}.Release|Any CPU.ActiveCfg = Release|Any CPU
		{F57B4233-CA36-4A18-A8FC-32611A959FED}.Release|Any CPU.Build.0 = Release|Any CPU
		{F57B4233-CA36-4A18-A8FC-32611A959FED}.Release|x64.ActiveCfg = Release|Any CPU
		{F57B4233-CA36-4A18-A8FC-32611A959FED}.Release|x64.Build.0 = Release|Any CPU
		{F57B4233-CA36-4A18-A8FC-32611A959FED}.Release|x86.ActiveCfg = Release|Any CPU
		{F57B4233-CA36-4A18-A8FC-32611A959FED}.Release|x86.Build.0 = Release|Any CPU
		{E9EA2E4E-ED94-4B75-A730-39BF51C22190}.Debug|Any CPU.ActiveCfg = Debug|Any CPU
		{E9EA2E4E-ED94-4B75-A730-39BF51C22190}.Debug|Any CPU.Build.0 = Debug|Any CPU
		{E9EA2E4E-ED94-4B75-A730-39BF51C22190}.Debug|x64.ActiveCfg = Debug|Any CPU
		{E9EA2E4E-ED94-4B75-A730-39BF51C22190}.Debug|x64.Build.0 = Debug|Any CPU
		{E9EA2E4E-ED94-4B75-A730-39BF51C22190}.Debug|x86.ActiveCfg = Debug|Any CPU
		{E9EA2E4E-ED94-4B75-A730-39BF51C22190}.Debug|x86.Build.0 = Debug|Any CPU
		{E9EA2E4E-ED94-4B75-A730-39BF51C22190}.Release|Any CPU.ActiveCfg = Release|Any CPU
		{E9EA2E4E-ED94-4B75-A730-39BF51C22190}.Release|Any CPU.Build.0 = Release|Any CPU
		{E9EA2E4E-ED94-4B75-A730-39BF51C22190}.Release|x64.ActiveCfg = Release|Any CPU
		{E9EA2E4E-ED94-4B75-A730-39BF51C22190}.Release|x64.Build.0 = Release|Any CPU
		{E9EA2E4E-ED94-4B75-A730-39BF51C22190}.Release|x86.ActiveCfg = Release|Any CPU
		{E9EA2E4E-ED94-4B75-A730-39BF51C22190}.Release|x86.Build.0 = Release|Any CPU
	EndGlobalSection
	GlobalSection(SolutionProperties) = preSolution
		HideSolutionNode = FALSE
	EndGlobalSection
EndGlobal
